
Microsoft Visual Studio Solution File, Format Version 12.00
# Visual Studio Version 17
VisualStudioVersion = 17.0.31912.275
MinimumVisualStudioVersion = 10.0.40219.1
Project("{FAE04EC0-301F-11D3-BF4B-00C04F79EFBC}") = "Byte Reader", "Byte Reader\Byte Reader.csproj", "{98BA70A7-33E6-434B-810E-3EBAD51746D8}"
EndProject
Global
	GlobalSection(SolutionConfigurationPlatforms) = preSolution
		Debug|Any CPU = Debug|Any CPU
		Release|Any CPU = Release|Any CPU
	EndGlobalSection
	GlobalSection(ProjectConfigurationPlatforms) = postSolution
		{98BA70A7-33E6-434B-810E-3EBAD51746D8}.Debug|Any CPU.ActiveCfg = Debug|Any CPU
		{98BA70A7-33E6-434B-810E-3EBAD51746D8}.Debug|Any CPU.Build.0 = Debug|Any CPU
		{98BA70A7-33E6-434B-810E-3EBAD51746D8}.Release|Any CPU.ActiveCfg = Release|Any CPU
		{98BA70A7-33E6-434B-810E-3EBAD51746D8}.Release|Any CPU.Build.0 = Release|Any CPU
	EndGlobalSection
	GlobalSection(SolutionProperties) = preSolution
		HideSolutionNode = FALSE
	EndGlobalSection
	GlobalSection(ExtensibilityGlobals) = postSolution
		SolutionGuid = {5811730E-26C9-42CD-B02D-65DC255EB3CD}
	EndGlobalSection
EndGlobal
